
Microsoft Visual Studio Solution File, Format Version 12.00
# Visual Studio 2013
VisualStudioVersion = 12.0.21005.1
MinimumVisualStudioVersion = 10.0.40219.1
Project("{FAE04EC0-301F-11D3-BF4B-00C04F79EFBC}") = "EJ01", "EJ01\EJ01.csproj", "{946FC71D-64FC-4A42-AF19-F256399C6266}"
EndProject
Project("{FAE04EC0-301F-11D3-BF4B-00C04F79EFBC}") = "EJ03", "EJ03\EJ03.csproj", "{B4A55340-3300-4022-92AD-71C2F8C5D475}"
EndProject
Project("{FAE04EC0-301F-11D3-BF4B-00C04F79EFBC}") = "EJ04", "EJ04\EJ04.csproj", "{A148033D-F07A-4919-8EFE-581E954B705F}"
EndProject
Project("{FAE04EC0-301F-11D3-BF4B-00C04F79EFBC}") = "EJ05", "EJ05\EJ05.csproj", "{CA5F4605-906F-4827-91F9-870850F7694C}"
EndProject
Project("{FAE04EC0-301F-11D3-BF4B-00C04F79EFBC}") = "EJ06", "EJ06\EJ06.csproj", "{DBFAE0F9-7D88-4D03-931C-7BC0B075FF4F}"
EndProject
Project("{FAE04EC0-301F-11D3-BF4B-00C04F79EFBC}") = "EJ07", "EJ07\EJ07.csproj", "{D2F2CA52-B3C1-458B-BD6A-E8B53D4C8A19}"
EndProject
Project("{FAE04EC0-301F-11D3-BF4B-00C04F79EFBC}") = "EJ08", "EJ08\EJ08.csproj", "{2F30C38B-84E1-46A0-B7D0-EEE1704E28CC}"
EndProject
Project("{FAE04EC0-301F-11D3-BF4B-00C04F79EFBC}") = "EJ09", "EJ09\EJ09.csproj", "{285CC150-17BC-409F-93FB-761E40A659F9}"
EndProject
Project("{FAE04EC0-301F-11D3-BF4B-00C04F79EFBC}") = "EJ10", "EJ10\EJ10.csproj", "{60027117-3723-44DD-9693-0047F25D2773}"
EndProject
Project("{FAE04EC0-301F-11D3-BF4B-00C04F79EFBC}") = "EJ11", "EJ11\EJ11.csproj", "{73E34C70-C0E7-423D-A494-9C341C4090BA}"
EndProject
Project("{FAE04EC0-301F-11D3-BF4B-00C04F79EFBC}") = "EJ12", "EJ12\EJ12.csproj", "{259446AC-8F13-4C56-A531-59792DDF6C7E}"
EndProject
Project("{FAE04EC0-301F-11D3-BF4B-00C04F79EFBC}") = "EJ14", "EJ14\EJ14.csproj", "{0F4C24FF-BB3F-4ED7-AC3E-FE53069215B0}"
EndProject
Project("{FAE04EC0-301F-11D3-BF4B-00C04F79EFBC}") = "EJ13", "EJ13\EJ13.csproj", "{A1B0B5BB-7DEE-49EF-A006-3BC02BDB28D8}"
EndProject
Project("{FAE04EC0-301F-11D3-BF4B-00C04F79EFBC}") = "EJ15", "EJ15\EJ15.csproj", "{C350D207-DF31-4780-AC1A-99A587862B8C}"
EndProject
Project("{FAE04EC0-301F-11D3-BF4B-00C04F79EFBC}") = "EJ16", "EJ16\EJ16.csproj", "{1C9E6A16-E99D-4F1A-9D18-5A6F1BA61E14}"
EndProject
Project("{FAE04EC0-301F-11D3-BF4B-00C04F79EFBC}") = "EJ02", "EJ02\EJ02.csproj", "{9C23D3D9-CEBE-45E9-B80F-BE656D7FC1F9}"
EndProject
Global
	GlobalSection(SolutionConfigurationPlatforms) = preSolution
		Debug|Any CPU = Debug|Any CPU
		Release|Any CPU = Release|Any CPU
	EndGlobalSection
	GlobalSection(ProjectConfigurationPlatforms) = postSolution
		{946FC71D-64FC-4A42-AF19-F256399C6266}.Debug|Any CPU.ActiveCfg = Debug|Any CPU
		{946FC71D-64FC-4A42-AF19-F256399C6266}.Debug|Any CPU.Build.0 = Debug|Any CPU
		{946FC71D-64FC-4A42-AF19-F256399C6266}.Release|Any CPU.ActiveCfg = Release|Any CPU
		{946FC71D-64FC-4A42-AF19-F256399C6266}.Release|Any CPU.Build.0 = Release|Any CPU
		{B4A55340-3300-4022-92AD-71C2F8C5D475}.Debug|Any CPU.ActiveCfg = Debug|Any CPU
		{B4A55340-3300-4022-92AD-71C2F8C5D475}.Debug|Any CPU.Build.0 = Debug|Any CPU
		{B4A55340-3300-4022-92AD-71C2F8C5D475}.Release|Any CPU.ActiveCfg = Release|Any CPU
		{B4A55340-3300-4022-92AD-71C2F8C5D475}.Release|Any CPU.Build.0 = Release|Any CPU
		{A148033D-F07A-4919-8EFE-581E954B705F}.Debug|Any CPU.ActiveCfg = Debug|Any CPU
		{A148033D-F07A-4919-8EFE-581E954B705F}.Debug|Any CPU.Build.0 = Debug|Any CPU
		{A148033D-F07A-4919-8EFE-581E954B705F}.Release|Any CPU.ActiveCfg = Release|Any CPU
		{A148033D-F07A-4919-8EFE-581E954B705F}.Release|Any CPU.Build.0 = Release|Any CPU
		{CA5F4605-906F-4827-91F9-870850F7694C}.Debug|Any CPU.ActiveCfg = Debug|Any CPU
		{CA5F4605-906F-4827-91F9-870850F7694C}.Debug|Any CPU.Build.0 = Debug|Any CPU
		{CA5F4605-906F-4827-91F9-870850F7694C}.Release|Any CPU.ActiveCfg = Release|Any CPU
		{CA5F4605-906F-4827-91F9-870850F7694C}.Release|Any CPU.Build.0 = Release|Any CPU
		{DBFAE0F9-7D88-4D03-931C-7BC0B075FF4F}.Debug|Any CPU.ActiveCfg = Debug|Any CPU
		{DBFAE0F9-7D88-4D03-931C-7BC0B075FF4F}.Debug|Any CPU.Build.0 = Debug|Any CPU
		{DBFAE0F9-7D88-4D03-931C-7BC0B075FF4F}.Release|Any CPU.ActiveCfg = Release|Any CPU
		{DBFAE0F9-7D88-4D03-931C-7BC0B075FF4F}.Release|Any CPU.Build.0 = Release|Any CPU
		{D2F2CA52-B3C1-458B-BD6A-E8B53D4C8A19}.Debug|Any CPU.ActiveCfg = Debug|Any CPU
		{D2F2CA52-B3C1-458B-BD6A-E8B53D4C8A19}.Debug|Any CPU.Build.0 = Debug|Any CPU
		{D2F2CA52-B3C1-458B-BD6A-E8B53D4C8A19}.Release|Any CPU.ActiveCfg = Release|Any CPU
		{D2F2CA52-B3C1-458B-BD6A-E8B53D4C8A19}.Release|Any CPU.Build.0 = Release|Any CPU
		{2F30C38B-84E1-46A0-B7D0-EEE1704E28CC}.Debug|Any CPU.ActiveCfg = Debug|Any CPU
		{2F30C38B-84E1-46A0-B7D0-EEE1704E28CC}.Debug|Any CPU.Build.0 = Debug|Any CPU
		{2F30C38B-84E1-46A0-B7D0-EEE1704E28CC}.Release|Any CPU.ActiveCfg = Release|Any CPU
		{2F30C38B-84E1-46A0-B7D0-EEE1704E28CC}.Release|Any CPU.Build.0 = Release|Any CPU
		{285CC150-17BC-409F-93FB-761E40A659F9}.Debug|Any CPU.ActiveCfg = Debug|Any CPU
		{285CC150-17BC-409F-93FB-761E40A659F9}.Debug|Any CPU.Build.0 = Debug|Any CPU
		{285CC150-17BC-409F-93FB-761E40A659F9}.Release|Any CPU.ActiveCfg = Release|Any CPU
		{285CC150-17BC-409F-93FB-761E40A659F9}.Release|Any CPU.Build.0 = Release|Any CPU
		{60027117-3723-44DD-9693-0047F25D2773}.Debug|Any CPU.ActiveCfg = Debug|Any CPU
		{60027117-3723-44DD-9693-0047F25D2773}.Debug|Any CPU.Build.0 = Debug|Any CPU
		{60027117-3723-44DD-9693-0047F25D2773}.Release|Any CPU.ActiveCfg = Release|Any CPU
		{60027117-3723-44DD-9693-0047F25D2773}.Release|Any CPU.Build.0 = Release|Any CPU
		{73E34C70-C0E7-423D-A494-9C341C4090BA}.Debug|Any CPU.ActiveCfg = Debug|Any CPU
		{73E34C70-C0E7-423D-A494-9C341C4090BA}.Debug|Any CPU.Build.0 = Debug|Any CPU
		{73E34C70-C0E7-423D-A494-9C341C4090BA}.Release|Any CPU.ActiveCfg = Release|Any CPU
		{73E34C70-C0E7-423D-A494-9C341C4090BA}.Release|Any CPU.Build.0 = Release|Any CPU
		{259446AC-8F13-4C56-A531-59792DDF6C7E}.Debug|Any CPU.ActiveCfg = Debug|Any CPU
		{259446AC-8F13-4C56-A531-59792DDF6C7E}.Debug|Any CPU.Build.0 = Debug|Any CPU
		{259446AC-8F13-4C56-A531-59792DDF6C7E}.Release|Any CPU.ActiveCfg = Release|Any CPU
		{259446AC-8F13-4C56-A531-59792DDF6C7E}.Release|Any CPU.Build.0 = Release|Any CPU
		{0F4C24FF-BB3F-4ED7-AC3E-FE53069215B0}.Debug|Any CPU.ActiveCfg = Debug|Any CPU
		{0F4C24FF-BB3F-4ED7-AC3E-FE53069215B0}.Debug|Any CPU.Build.0 = Debug|Any CPU
		{0F4C24FF-BB3F-4ED7-AC3E-FE53069215B0}.Release|Any CPU.ActiveCfg = Release|Any CPU
		{0F4C24FF-BB3F-4ED7-AC3E-FE53069215B0}.Release|Any CPU.Build.0 = Release|Any CPU
		{A1B0B5BB-7DEE-49EF-A006-3BC02BDB28D8}.Debug|Any CPU.ActiveCfg = Debug|Any CPU
		{A1B0B5BB-7DEE-49EF-A006-3BC02BDB28D8}.Debug|Any CPU.Build.0 = Debug|Any CPU
		{A1B0B5BB-7DEE-49EF-A006-3BC02BDB28D8}.Release|Any CPU.ActiveCfg = Release|Any CPU
		{A1B0B5BB-7DEE-49EF-A006-3BC02BDB28D8}.Release|Any CPU.Build.0 = Release|Any CPU
		{C350D207-DF31-4780-AC1A-99A587862B8C}.Debug|Any CPU.ActiveCfg = Debug|Any CPU
		{C350D207-DF31-4780-AC1A-99A587862B8C}.Debug|Any CPU.Build.0 = Debug|Any CPU
		{C350D207-DF31-4780-AC1A-99A587862B8C}.Release|Any CPU.ActiveCfg = Release|Any CPU
		{C350D207-DF31-4780-AC1A-99A587862B8C}.Release|Any CPU.Build.0 = Release|Any CPU
		{1C9E6A16-E99D-4F1A-9D18-5A6F1BA61E14}.Debug|Any CPU.ActiveCfg = Debug|Any CPU
		{1C9E6A16-E99D-4F1A-9D18-5A6F1BA61E14}.Debug|Any CPU.Build.0 = Debug|Any CPU
		{1C9E6A16-E99D-4F1A-9D18-5A6F1BA61E14}.Release|Any CPU.ActiveCfg = Release|Any CPU
		{1C9E6A16-E99D-4F1A-9D18-5A6F1BA61E14}.Release|Any CPU.Build.0 = Release|Any CPU
		{9C23D3D9-CEBE-45E9-B80F-BE656D7FC1F9}.Debug|Any CPU.ActiveCfg = Debug|Any CPU
		{9C23D3D9-CEBE-45E9-B80F-BE656D7FC1F9}.Debug|Any CPU.Build.0 = Debug|Any CPU
		{9C23D3D9-CEBE-45E9-B80F-BE656D7FC1F9}.Release|Any CPU.ActiveCfg = Release|Any CPU
		{9C23D3D9-CEBE-45E9-B80F-BE656D7FC1F9}.Release|Any CPU.Build.0 = Release|Any CPU
	EndGlobalSection
	GlobalSection(SolutionProperties) = preSolution
		HideSolutionNode = FALSE
	EndGlobalSection
EndGlobal
